// !$*UTF8*$!
{
	archiveVersion = 1;
	classes = {
	};
	objectVersion = 56;
	objects = {

/* Begin PBXBuildFile section */
		62FA14F52D4A94D300847519 /* Secrets.swift in Sources */ = {isa = PBXBuildFile; fileRef = 62FA14F42D4A94B500847519 /* Secrets.swift */; };
		FB2B68F32D400E61007B8497 /* PriceFormatter.swift in Sources */ = {isa = PBXBuildFile; fileRef = FB2B68F22D400E61007B8497 /* PriceFormatter.swift */; };
		FB2B68F52D401C77007B8497 /* InterestingButton.swift in Sources */ = {isa = PBXBuildFile; fileRef = FB2B68F42D401C77007B8497 /* InterestingButton.swift */; };
		FBB773F12D3AA97500A554E3 /* SearchPopularListView.swift in Sources */ = {isa = PBXBuildFile; fileRef = FBB773F02D3AA97500A554E3 /* SearchPopularListView.swift */; };
		FBB773F32D3AAA7200A554E3 /* SearchPopularRowView.swift in Sources */ = {isa = PBXBuildFile; fileRef = FBB773F22D3AAA7200A554E3 /* SearchPopularRowView.swift */; };
		FBB773F52D3AAAFF00A554E3 /* EuroToggle.swift in Sources */ = {isa = PBXBuildFile; fileRef = FBB773F42D3AAAFF00A554E3 /* EuroToggle.swift */; };
		FBD66D202D396CAA006EB725 /* CryptoTrackerApp.swift in Sources */ = {isa = PBXBuildFile; fileRef = FBD66D1F2D396CAA006EB725 /* CryptoTrackerApp.swift */; };
		FBD66D222D396CAA006EB725 /* ContentView.swift in Sources */ = {isa = PBXBuildFile; fileRef = FBD66D212D396CAA006EB725 /* ContentView.swift */; };
		FBD66D242D396CAB006EB725 /* Assets.xcassets in Resources */ = {isa = PBXBuildFile; fileRef = FBD66D232D396CAB006EB725 /* Assets.xcassets */; };
		FBD66D282D396CAB006EB725 /* Preview Assets.xcassets in Resources */ = {isa = PBXBuildFile; fileRef = FBD66D272D396CAB006EB725 /* Preview Assets.xcassets */; };
		FBD66D322D396CAB006EB725 /* lobo1Tests.swift in Sources */ = {isa = PBXBuildFile; fileRef = FBD66D312D396CAB006EB725 /* lobo1Tests.swift */; };
		FBD66D3C2D396CAB006EB725 /* lobo1UITests.swift in Sources */ = {isa = PBXBuildFile; fileRef = FBD66D3B2D396CAB006EB725 /* lobo1UITests.swift */; };
		FBD66D3E2D396CAB006EB725 /* lobo1UITestsLaunchTests.swift in Sources */ = {isa = PBXBuildFile; fileRef = FBD66D3D2D396CAB006EB725 /* lobo1UITestsLaunchTests.swift */; };
		FBD66D4B2D396D4C006EB725 /* CryptoViewModel.swift in Sources */ = {isa = PBXBuildFile; fileRef = FBD66D4A2D396D4C006EB725 /* CryptoViewModel.swift */; };
		FBD66D4D2D396E10006EB725 /* CryptoModel.swift in Sources */ = {isa = PBXBuildFile; fileRef = FBD66D4C2D396E10006EB725 /* CryptoModel.swift */; };
		FBD66D4F2D396E41006EB725 /* CryptoCurrency.swift in Sources */ = {isa = PBXBuildFile; fileRef = FBD66D4E2D396E41006EB725 /* CryptoCurrency.swift */; };
		FBD66D512D396F25006EB725 /* APIService.swift in Sources */ = {isa = PBXBuildFile; fileRef = FBD66D502D396F25006EB725 /* APIService.swift */; };
		FBD66D532D396F96006EB725 /* EncabezadoApp.swift in Sources */ = {isa = PBXBuildFile; fileRef = FBD66D522D396F96006EB725 /* EncabezadoApp.swift */; };
		FBD66D552D39742B006EB725 /* InterestingCryptoListView.swift in Sources */ = {isa = PBXBuildFile; fileRef = FBD66D542D39742B006EB725 /* InterestingCryptoListView.swift */; };
		FBD66D572D3974A7006EB725 /* InterestingCryptoRowView.swift in Sources */ = {isa = PBXBuildFile; fileRef = FBD66D562D3974A7006EB725 /* InterestingCryptoRowView.swift */; };
		FBD66D592D3974F5006EB725 /* CryptoDetailView.swift in Sources */ = {isa = PBXBuildFile; fileRef = FBD66D582D3974F5006EB725 /* CryptoDetailView.swift */; };
		FBD66D5B2D397553006EB725 /* OptionsView.swift in Sources */ = {isa = PBXBuildFile; fileRef = FBD66D5A2D397553006EB725 /* OptionsView.swift */; };
/* End PBXBuildFile section */

/* Begin PBXContainerItemProxy section */
		FBD66D2E2D396CAB006EB725 /* PBXContainerItemProxy */ = {
			isa = PBXContainerItemProxy;
			containerPortal = FBD66D142D396CAA006EB725 /* Project object */;
			proxyType = 1;
			remoteGlobalIDString = FBD66D1B2D396CAA006EB725;
			remoteInfo = lobo1;
		};
		FBD66D382D396CAB006EB725 /* PBXContainerItemProxy */ = {
			isa = PBXContainerItemProxy;
			containerPortal = FBD66D142D396CAA006EB725 /* Project object */;
			proxyType = 1;
			remoteGlobalIDString = FBD66D1B2D396CAA006EB725;
			remoteInfo = lobo1;
		};
/* End PBXContainerItemProxy section */

/* Begin PBXFileReference section */
		62FA14F42D4A94B500847519 /* Secrets.swift */ = {isa = PBXFileReference; lastKnownFileType = sourcecode.swift; path = Secrets.swift; sourceTree = "<group>"; };
		FB2B68F22D400E61007B8497 /* PriceFormatter.swift */ = {isa = PBXFileReference; lastKnownFileType = sourcecode.swift; path = PriceFormatter.swift; sourceTree = "<group>"; };
		FB2B68F42D401C77007B8497 /* InterestingButton.swift */ = {isa = PBXFileReference; lastKnownFileType = sourcecode.swift; path = InterestingButton.swift; sourceTree = "<group>"; };
		FBB773F02D3AA97500A554E3 /* SearchPopularListView.swift */ = {isa = PBXFileReference; lastKnownFileType = sourcecode.swift; path = SearchPopularListView.swift; sourceTree = "<group>"; };
		FBB773F22D3AAA7200A554E3 /* SearchPopularRowView.swift */ = {isa = PBXFileReference; lastKnownFileType = sourcecode.swift; path = SearchPopularRowView.swift; sourceTree = "<group>"; };
		FBB773F42D3AAAFF00A554E3 /* EuroToggle.swift */ = {isa = PBXFileReference; lastKnownFileType = sourcecode.swift; path = EuroToggle.swift; sourceTree = "<group>"; };
		FBD66D1C2D396CAA006EB725 /* lobo1.app */ = {isa = PBXFileReference; explicitFileType = wrapper.application; includeInIndex = 0; path = lobo1.app; sourceTree = BUILT_PRODUCTS_DIR; };
		FBD66D1F2D396CAA006EB725 /* CryptoTrackerApp.swift */ = {isa = PBXFileReference; lastKnownFileType = sourcecode.swift; path = CryptoTrackerApp.swift; sourceTree = "<group>"; };
		FBD66D212D396CAA006EB725 /* ContentView.swift */ = {isa = PBXFileReference; lastKnownFileType = sourcecode.swift; path = ContentView.swift; sourceTree = "<group>"; };
		FBD66D232D396CAB006EB725 /* Assets.xcassets */ = {isa = PBXFileReference; lastKnownFileType = folder.assetcatalog; path = Assets.xcassets; sourceTree = "<group>"; };
		FBD66D252D396CAB006EB725 /* lobo1.entitlements */ = {isa = PBXFileReference; lastKnownFileType = text.plist.entitlements; path = lobo1.entitlements; sourceTree = "<group>"; };
		FBD66D272D396CAB006EB725 /* Preview Assets.xcassets */ = {isa = PBXFileReference; lastKnownFileType = folder.assetcatalog; path = "Preview Assets.xcassets"; sourceTree = "<group>"; };
		FBD66D2D2D396CAB006EB725 /* lobo1Tests.xctest */ = {isa = PBXFileReference; explicitFileType = wrapper.cfbundle; includeInIndex = 0; path = lobo1Tests.xctest; sourceTree = BUILT_PRODUCTS_DIR; };
		FBD66D312D396CAB006EB725 /* lobo1Tests.swift */ = {isa = PBXFileReference; lastKnownFileType = sourcecode.swift; path = lobo1Tests.swift; sourceTree = "<group>"; };
		FBD66D372D396CAB006EB725 /* lobo1UITests.xctest */ = {isa = PBXFileReference; explicitFileType = wrapper.cfbundle; includeInIndex = 0; path = lobo1UITests.xctest; sourceTree = BUILT_PRODUCTS_DIR; };
		FBD66D3B2D396CAB006EB725 /* lobo1UITests.swift */ = {isa = PBXFileReference; lastKnownFileType = sourcecode.swift; path = lobo1UITests.swift; sourceTree = "<group>"; };
		FBD66D3D2D396CAB006EB725 /* lobo1UITestsLaunchTests.swift */ = {isa = PBXFileReference; lastKnownFileType = sourcecode.swift; path = lobo1UITestsLaunchTests.swift; sourceTree = "<group>"; };
		FBD66D4A2D396D4C006EB725 /* CryptoViewModel.swift */ = {isa = PBXFileReference; lastKnownFileType = sourcecode.swift; path = CryptoViewModel.swift; sourceTree = "<group>"; };
		FBD66D4C2D396E10006EB725 /* CryptoModel.swift */ = {isa = PBXFileReference; lastKnownFileType = sourcecode.swift; path = CryptoModel.swift; sourceTree = "<group>"; };
		FBD66D4E2D396E41006EB725 /* CryptoCurrency.swift */ = {isa = PBXFileReference; lastKnownFileType = sourcecode.swift; path = CryptoCurrency.swift; sourceTree = "<group>"; };
		FBD66D502D396F25006EB725 /* APIService.swift */ = {isa = PBXFileReference; lastKnownFileType = sourcecode.swift; path = APIService.swift; sourceTree = "<group>"; };
		FBD66D522D396F96006EB725 /* EncabezadoApp.swift */ = {isa = PBXFileReference; lastKnownFileType = sourcecode.swift; path = EncabezadoApp.swift; sourceTree = "<group>"; };
		FBD66D542D39742B006EB725 /* InterestingCryptoListView.swift */ = {isa = PBXFileReference; lastKnownFileType = sourcecode.swift; path = InterestingCryptoListView.swift; sourceTree = "<group>"; };
		FBD66D562D3974A7006EB725 /* InterestingCryptoRowView.swift */ = {isa = PBXFileReference; lastKnownFileType = sourcecode.swift; path = InterestingCryptoRowView.swift; sourceTree = "<group>"; };
		FBD66D582D3974F5006EB725 /* CryptoDetailView.swift */ = {isa = PBXFileReference; lastKnownFileType = sourcecode.swift; path = CryptoDetailView.swift; sourceTree = "<group>"; };
		FBD66D5A2D397553006EB725 /* OptionsView.swift */ = {isa = PBXFileReference; lastKnownFileType = sourcecode.swift; path = OptionsView.swift; sourceTree = "<group>"; };
/* End PBXFileReference section */

/* Begin PBXFrameworksBuildPhase section */
		FBD66D192D396CAA006EB725 /* Frameworks */ = {
			isa = PBXFrameworksBuildPhase;
			buildActionMask = 2147483647;
			files = (
			);
			runOnlyForDeploymentPostprocessing = 0;
		};
		FBD66D2A2D396CAB006EB725 /* Frameworks */ = {
			isa = PBXFrameworksBuildPhase;
			buildActionMask = 2147483647;
			files = (
			);
			runOnlyForDeploymentPostprocessing = 0;
		};
		FBD66D342D396CAB006EB725 /* Frameworks */ = {
			isa = PBXFrameworksBuildPhase;
			buildActionMask = 2147483647;
			files = (
			);
			runOnlyForDeploymentPostprocessing = 0;
		};
/* End PBXFrameworksBuildPhase section */

/* Begin PBXGroup section */
		6237FC7D2D4AE69E0077FC6B /* InterestingList */ = {
			isa = PBXGroup;
			children = (
				FBD66D542D39742B006EB725 /* InterestingCryptoListView.swift */,
				FBD66D562D3974A7006EB725 /* InterestingCryptoRowView.swift */,
				FBD66D582D3974F5006EB725 /* CryptoDetailView.swift */,
			);
			path = InterestingList;
			sourceTree = "<group>";
		};
		6266452D2D44F1B4003B0B88 /* Models */ = {
			isa = PBXGroup;
			children = (
				FBD66D4C2D396E10006EB725 /* CryptoModel.swift */,
				FBD66D4E2D396E41006EB725 /* CryptoCurrency.swift */,
			);
			path = Models;
			sourceTree = "<group>";
		};
		6266452E2D44F1BF003B0B88 /* Views */ = {
			isa = PBXGroup;
			children = (
				FBD66D522D396F96006EB725 /* EncabezadoApp.swift */,
				FBD66D5A2D397553006EB725 /* OptionsView.swift */,
				6237FC7D2D4AE69E0077FC6B /* InterestingList */,
				627B7D0C2D47C00A00321406 /* SearchPopularList */,
			);
			path = Views;
			sourceTree = "<group>";
		};
		6266452F2D44F1CB003B0B88 /* ViewModels */ = {
			isa = PBXGroup;
			children = (
				FBD66D4A2D396D4C006EB725 /* CryptoViewModel.swift */,
			);
			path = ViewModels;
			sourceTree = "<group>";
		};
		626645302D44F1D4003B0B88 /* Services */ = {
			isa = PBXGroup;
			children = (
				FBD66D502D396F25006EB725 /* APIService.swift */,
			);
			path = Services;
			sourceTree = "<group>";
		};
		627B7D0C2D47C00A00321406 /* SearchPopularList */ = {
			isa = PBXGroup;
			children = (
				FBB773F22D3AAA7200A554E3 /* SearchPopularRowView.swift */,
				FBB773F02D3AA97500A554E3 /* SearchPopularListView.swift */,
			);
			path = SearchPopularList;
			sourceTree = "<group>";
		};
		FBD66D132D396CAA006EB725 = {
			isa = PBXGroup;
			children = (
				FBD66D1E2D396CAA006EB725 /* lobo1 */,
				FBD66D302D396CAB006EB725 /* lobo1Tests */,
				FBD66D3A2D396CAB006EB725 /* lobo1UITests */,
				FBD66D1D2D396CAA006EB725 /* Products */,
			);
			sourceTree = "<group>";
		};
		FBD66D1D2D396CAA006EB725 /* Products */ = {
			isa = PBXGroup;
			children = (
				FBD66D1C2D396CAA006EB725 /* lobo1.app */,
				FBD66D2D2D396CAB006EB725 /* lobo1Tests.xctest */,
				FBD66D372D396CAB006EB725 /* lobo1UITests.xctest */,
			);
			name = Products;
			sourceTree = "<group>";
		};
		FBD66D1E2D396CAA006EB725 /* lobo1 */ = {
			isa = PBXGroup;
			children = (
				FB2B68F22D400E61007B8497 /* PriceFormatter.swift */,
				FBB773F42D3AAAFF00A554E3 /* EuroToggle.swift */,
				FB2B68F42D401C77007B8497 /* InterestingButton.swift */,
				62FA14F42D4A94B500847519 /* Secrets.swift */,
				FBD66D1F2D396CAA006EB725 /* CryptoTrackerApp.swift */,
				FBD66D212D396CAA006EB725 /* ContentView.swift */,
				626645302D44F1D4003B0B88 /* Services */,
				6266452F2D44F1CB003B0B88 /* ViewModels */,
				6266452E2D44F1BF003B0B88 /* Views */,
				6266452D2D44F1B4003B0B88 /* Models */,
				FBD66D232D396CAB006EB725 /* Assets.xcassets */,
				FBD66D252D396CAB006EB725 /* lobo1.entitlements */,
				FBD66D262D396CAB006EB725 /* Preview Content */,
			);
			path = lobo1;
			sourceTree = "<group>";
		};
		FBD66D262D396CAB006EB725 /* Preview Content */ = {
			isa = PBXGroup;
			children = (
				FBD66D272D396CAB006EB725 /* Preview Assets.xcassets */,
			);
			path = "Preview Content";
			sourceTree = "<group>";
		};
		FBD66D302D396CAB006EB725 /* lobo1Tests */ = {
			isa = PBXGroup;
			children = (
				FBD66D312D396CAB006EB725 /* lobo1Tests.swift */,
			);
			path = lobo1Tests;
			sourceTree = "<group>";
		};
		FBD66D3A2D396CAB006EB725 /* lobo1UITests */ = {
			isa = PBXGroup;
			children = (
				FBD66D3B2D396CAB006EB725 /* lobo1UITests.swift */,
				FBD66D3D2D396CAB006EB725 /* lobo1UITestsLaunchTests.swift */,
			);
			path = lobo1UITests;
			sourceTree = "<group>";
		};
/* End PBXGroup section */

/* Begin PBXNativeTarget section */
		FBD66D1B2D396CAA006EB725 /* lobo1 */ = {
			isa = PBXNativeTarget;
			buildConfigurationList = FBD66D412D396CAB006EB725 /* Build configuration list for PBXNativeTarget "lobo1" */;
			buildPhases = (
				FBD66D182D396CAA006EB725 /* Sources */,
				FBD66D192D396CAA006EB725 /* Frameworks */,
				FBD66D1A2D396CAA006EB725 /* Resources */,
			);
			buildRules = (
			);
			dependencies = (
			);
			name = lobo1;
			productName = lobo1;
			productReference = FBD66D1C2D396CAA006EB725 /* lobo1.app */;
			productType = "com.apple.product-type.application";
		};
		FBD66D2C2D396CAB006EB725 /* lobo1Tests */ = {
			isa = PBXNativeTarget;
			buildConfigurationList = FBD66D442D396CAB006EB725 /* Build configuration list for PBXNativeTarget "lobo1Tests" */;
			buildPhases = (
				FBD66D292D396CAB006EB725 /* Sources */,
				FBD66D2A2D396CAB006EB725 /* Frameworks */,
				FBD66D2B2D396CAB006EB725 /* Resources */,
			);
			buildRules = (
			);
			dependencies = (
				FBD66D2F2D396CAB006EB725 /* PBXTargetDependency */,
			);
			name = lobo1Tests;
			productName = lobo1Tests;
			productReference = FBD66D2D2D396CAB006EB725 /* lobo1Tests.xctest */;
			productType = "com.apple.product-type.bundle.unit-test";
		};
		FBD66D362D396CAB006EB725 /* lobo1UITests */ = {
			isa = PBXNativeTarget;
			buildConfigurationList = FBD66D472D396CAB006EB725 /* Build configuration list for PBXNativeTarget "lobo1UITests" */;
			buildPhases = (
				FBD66D332D396CAB006EB725 /* Sources */,
				FBD66D342D396CAB006EB725 /* Frameworks */,
				FBD66D352D396CAB006EB725 /* Resources */,
			);
			buildRules = (
			);
			dependencies = (
				FBD66D392D396CAB006EB725 /* PBXTargetDependency */,
			);
			name = lobo1UITests;
			productName = lobo1UITests;
			productReference = FBD66D372D396CAB006EB725 /* lobo1UITests.xctest */;
			productType = "com.apple.product-type.bundle.ui-testing";
		};
/* End PBXNativeTarget section */

/* Begin PBXProject section */
		FBD66D142D396CAA006EB725 /* Project object */ = {
			isa = PBXProject;
			attributes = {
				BuildIndependentTargetsInParallel = 1;
				LastSwiftUpdateCheck = 1500;
				LastUpgradeCheck = 1500;
				TargetAttributes = {
					FBD66D1B2D396CAA006EB725 = {
						CreatedOnToolsVersion = 15.0;
					};
					FBD66D2C2D396CAB006EB725 = {
						CreatedOnToolsVersion = 15.0;
						TestTargetID = FBD66D1B2D396CAA006EB725;
					};
					FBD66D362D396CAB006EB725 = {
						CreatedOnToolsVersion = 15.0;
						TestTargetID = FBD66D1B2D396CAA006EB725;
					};
				};
			};
			buildConfigurationList = FBD66D172D396CAA006EB725 /* Build configuration list for PBXProject "lobo1" */;
			compatibilityVersion = "Xcode 14.0";
			developmentRegion = en;
			hasScannedForEncodings = 0;
			knownRegions = (
				en,
				Base,
			);
			mainGroup = FBD66D132D396CAA006EB725;
			productRefGroup = FBD66D1D2D396CAA006EB725 /* Products */;
			projectDirPath = "";
			projectRoot = "";
			targets = (
				FBD66D1B2D396CAA006EB725 /* lobo1 */,
				FBD66D2C2D396CAB006EB725 /* lobo1Tests */,
				FBD66D362D396CAB006EB725 /* lobo1UITests */,
			);
		};
/* End PBXProject section */

/* Begin PBXResourcesBuildPhase section */
		FBD66D1A2D396CAA006EB725 /* Resources */ = {
			isa = PBXResourcesBuildPhase;
			buildActionMask = 2147483647;
			files = (
				FBD66D282D396CAB006EB725 /* Preview Assets.xcassets in Resources */,
				FBD66D242D396CAB006EB725 /* Assets.xcassets in Resources */,
			);
			runOnlyForDeploymentPostprocessing = 0;
		};
		FBD66D2B2D396CAB006EB725 /* Resources */ = {
			isa = PBXResourcesBuildPhase;
			buildActionMask = 2147483647;
			files = (
			);
			runOnlyForDeploymentPostprocessing = 0;
		};
		FBD66D352D396CAB006EB725 /* Resources */ = {
			isa = PBXResourcesBuildPhase;
			buildActionMask = 2147483647;
			files = (
			);
			runOnlyForDeploymentPostprocessing = 0;
		};
/* End PBXResourcesBuildPhase section */

/* Begin PBXSourcesBuildPhase section */
		FBD66D182D396CAA006EB725 /* Sources */ = {
			isa = PBXSourcesBuildPhase;
			buildActionMask = 2147483647;
			files = (
				FBD66D222D396CAA006EB725 /* ContentView.swift in Sources */,
				FBD66D202D396CAA006EB725 /* CryptoTrackerApp.swift in Sources */,
				FBB773F12D3AA97500A554E3 /* SearchPopularListView.swift in Sources */,
				FBD66D592D3974F5006EB725 /* CryptoDetailView.swift in Sources */,
				FBD66D4D2D396E10006EB725 /* CryptoModel.swift in Sources */,
				62FA14F52D4A94D300847519 /* Secrets.swift in Sources */,
				FB2B68F52D401C77007B8497 /* InterestingButton.swift in Sources */,
				FBD66D532D396F96006EB725 /* EncabezadoApp.swift in Sources */,
				FBB773F32D3AAA7200A554E3 /* SearchPopularRowView.swift in Sources */,
				FB2B68F32D400E61007B8497 /* PriceFormatter.swift in Sources */,
				FBD66D572D3974A7006EB725 /* InterestingCryptoRowView.swift in Sources */,
				FBD66D4F2D396E41006EB725 /* CryptoCurrency.swift in Sources */,
				FBD66D512D396F25006EB725 /* APIService.swift in Sources */,
				FBD66D5B2D397553006EB725 /* OptionsView.swift in Sources */,
				FBD66D4B2D396D4C006EB725 /* CryptoViewModel.swift in Sources */,
				FBB773F52D3AAAFF00A554E3 /* EuroToggle.swift in Sources */,
				FBD66D552D39742B006EB725 /* InterestingCryptoListView.swift in Sources */,
			);
			runOnlyForDeploymentPostprocessing = 0;
		};
		FBD66D292D396CAB006EB725 /* Sources */ = {
			isa = PBXSourcesBuildPhase;
			buildActionMask = 2147483647;
			files = (
				FBD66D322D396CAB006EB725 /* lobo1Tests.swift in Sources */,
			);
			runOnlyForDeploymentPostprocessing = 0;
		};
		FBD66D332D396CAB006EB725 /* Sources */ = {
			isa = PBXSourcesBuildPhase;
			buildActionMask = 2147483647;
			files = (
				FBD66D3E2D396CAB006EB725 /* lobo1UITestsLaunchTests.swift in Sources */,
				FBD66D3C2D396CAB006EB725 /* lobo1UITests.swift in Sources */,
			);
			runOnlyForDeploymentPostprocessing = 0;
		};
/* End PBXSourcesBuildPhase section */

/* Begin PBXTargetDependency section */
		FBD66D2F2D396CAB006EB725 /* PBXTargetDependency */ = {
			isa = PBXTargetDependency;
			target = FBD66D1B2D396CAA006EB725 /* lobo1 */;
			targetProxy = FBD66D2E2D396CAB006EB725 /* PBXContainerItemProxy */;
		};
		FBD66D392D396CAB006EB725 /* PBXTargetDependency */ = {
			isa = PBXTargetDependency;
			target = FBD66D1B2D396CAA006EB725 /* lobo1 */;
			targetProxy = FBD66D382D396CAB006EB725 /* PBXContainerItemProxy */;
		};
/* End PBXTargetDependency section */

/* Begin XCBuildConfiguration section */
		FBD66D3F2D396CAB006EB725 /* Debug */ = {
			isa = XCBuildConfiguration;
			buildSettings = {
				ALWAYS_SEARCH_USER_PATHS = NO;
				ASSETCATALOG_COMPILER_GENERATE_SWIFT_ASSET_SYMBOL_EXTENSIONS = YES;
				CLANG_ANALYZER_NONNULL = YES;
				CLANG_ANALYZER_NUMBER_OBJECT_CONVERSION = YES_AGGRESSIVE;
				CLANG_CXX_LANGUAGE_STANDARD = "gnu++20";
				CLANG_ENABLE_MODULES = YES;
				CLANG_ENABLE_OBJC_ARC = YES;
				CLANG_ENABLE_OBJC_WEAK = YES;
				CLANG_WARN_BLOCK_CAPTURE_AUTORELEASING = YES;
				CLANG_WARN_BOOL_CONVERSION = YES;
				CLANG_WARN_COMMA = YES;
				CLANG_WARN_CONSTANT_CONVERSION = YES;
				CLANG_WARN_DEPRECATED_OBJC_IMPLEMENTATIONS = YES;
				CLANG_WARN_DIRECT_OBJC_ISA_USAGE = YES_ERROR;
				CLANG_WARN_DOCUMENTATION_COMMENTS = YES;
				CLANG_WARN_EMPTY_BODY = YES;
				CLANG_WARN_ENUM_CONVERSION = YES;
				CLANG_WARN_INFINITE_RECURSION = YES;
				CLANG_WARN_INT_CONVERSION = YES;
				CLANG_WARN_NON_LITERAL_NULL_CONVERSION = YES;
				CLANG_WARN_OBJC_IMPLICIT_RETAIN_SELF = YES;
				CLANG_WARN_OBJC_LITERAL_CONVERSION = YES;
				CLANG_WARN_OBJC_ROOT_CLASS = YES_ERROR;
				CLANG_WARN_QUOTED_INCLUDE_IN_FRAMEWORK_HEADER = YES;
				CLANG_WARN_RANGE_LOOP_ANALYSIS = YES;
				CLANG_WARN_STRICT_PROTOTYPES = YES;
				CLANG_WARN_SUSPICIOUS_MOVE = YES;
				CLANG_WARN_UNGUARDED_AVAILABILITY = YES_AGGRESSIVE;
				CLANG_WARN_UNREACHABLE_CODE = YES;
				CLANG_WARN__DUPLICATE_METHOD_MATCH = YES;
				COPY_PHASE_STRIP = NO;
				DEBUG_INFORMATION_FORMAT = dwarf;
				ENABLE_STRICT_OBJC_MSGSEND = YES;
				ENABLE_TESTABILITY = YES;
				ENABLE_USER_SCRIPT_SANDBOXING = YES;
				GCC_C_LANGUAGE_STANDARD = gnu17;
				GCC_DYNAMIC_NO_PIC = NO;
				GCC_NO_COMMON_BLOCKS = YES;
				GCC_OPTIMIZATION_LEVEL = 0;
				GCC_PREPROCESSOR_DEFINITIONS = (
					"DEBUG=1",
					"$(inherited)",
				);
				GCC_WARN_64_TO_32_BIT_CONVERSION = YES;
				GCC_WARN_ABOUT_RETURN_TYPE = YES_ERROR;
				GCC_WARN_UNDECLARED_SELECTOR = YES;
				GCC_WARN_UNINITIALIZED_AUTOS = YES_AGGRESSIVE;
				GCC_WARN_UNUSED_FUNCTION = YES;
				GCC_WARN_UNUSED_VARIABLE = YES;
				IPHONEOS_DEPLOYMENT_TARGET = 17.0;
				LOCALIZATION_PREFERS_STRING_CATALOGS = YES;
				MACOSX_DEPLOYMENT_TARGET = 14.0;
				MTL_ENABLE_DEBUG_INFO = INCLUDE_SOURCE;
				MTL_FAST_MATH = YES;
				ONLY_ACTIVE_ARCH = YES;
				SWIFT_ACTIVE_COMPILATION_CONDITIONS = "DEBUG $(inherited)";
				SWIFT_OPTIMIZATION_LEVEL = "-Onone";
			};
			name = Debug;
		};
		FBD66D402D396CAB006EB725 /* Release */ = {
			isa = XCBuildConfiguration;
			buildSettings = {
				ALWAYS_SEARCH_USER_PATHS = NO;
				ASSETCATALOG_COMPILER_GENERATE_SWIFT_ASSET_SYMBOL_EXTENSIONS = YES;
				CLANG_ANALYZER_NONNULL = YES;
				CLANG_ANALYZER_NUMBER_OBJECT_CONVERSION = YES_AGGRESSIVE;
				CLANG_CXX_LANGUAGE_STANDARD = "gnu++20";
				CLANG_ENABLE_MODULES = YES;
				CLANG_ENABLE_OBJC_ARC = YES;
				CLANG_ENABLE_OBJC_WEAK = YES;
				CLANG_WARN_BLOCK_CAPTURE_AUTORELEASING = YES;
				CLANG_WARN_BOOL_CONVERSION = YES;
				CLANG_WARN_COMMA = YES;
				CLANG_WARN_CONSTANT_CONVERSION = YES;
				CLANG_WARN_DEPRECATED_OBJC_IMPLEMENTATIONS = YES;
				CLANG_WARN_DIRECT_OBJC_ISA_USAGE = YES_ERROR;
				CLANG_WARN_DOCUMENTATION_COMMENTS = YES;
				CLANG_WARN_EMPTY_BODY = YES;
				CLANG_WARN_ENUM_CONVERSION = YES;
				CLANG_WARN_INFINITE_RECURSION = YES;
				CLANG_WARN_INT_CONVERSION = YES;
				CLANG_WARN_NON_LITERAL_NULL_CONVERSION = YES;
				CLANG_WARN_OBJC_IMPLICIT_RETAIN_SELF = YES;
				CLANG_WARN_OBJC_LITERAL_CONVERSION = YES;
				CLANG_WARN_OBJC_ROOT_CLASS = YES_ERROR;
				CLANG_WARN_QUOTED_INCLUDE_IN_FRAMEWORK_HEADER = YES;
				CLANG_WARN_RANGE_LOOP_ANALYSIS = YES;
				CLANG_WARN_STRICT_PROTOTYPES = YES;
				CLANG_WARN_SUSPICIOUS_MOVE = YES;
				CLANG_WARN_UNGUARDED_AVAILABILITY = YES_AGGRESSIVE;
				CLANG_WARN_UNREACHABLE_CODE = YES;
				CLANG_WARN__DUPLICATE_METHOD_MATCH = YES;
				COPY_PHASE_STRIP = NO;
				DEBUG_INFORMATION_FORMAT = "dwarf-with-dsym";
				ENABLE_NS_ASSERTIONS = NO;
				ENABLE_STRICT_OBJC_MSGSEND = YES;
				ENABLE_USER_SCRIPT_SANDBOXING = YES;
				GCC_C_LANGUAGE_STANDARD = gnu17;
				GCC_NO_COMMON_BLOCKS = YES;
				GCC_WARN_64_TO_32_BIT_CONVERSION = YES;
				GCC_WARN_ABOUT_RETURN_TYPE = YES_ERROR;
				GCC_WARN_UNDECLARED_SELECTOR = YES;
				GCC_WARN_UNINITIALIZED_AUTOS = YES_AGGRESSIVE;
				GCC_WARN_UNUSED_FUNCTION = YES;
				GCC_WARN_UNUSED_VARIABLE = YES;
				IPHONEOS_DEPLOYMENT_TARGET = 17.0;
				LOCALIZATION_PREFERS_STRING_CATALOGS = YES;
				MACOSX_DEPLOYMENT_TARGET = 14.0;
				MTL_ENABLE_DEBUG_INFO = NO;
				MTL_FAST_MATH = YES;
				SWIFT_COMPILATION_MODE = wholemodule;
			};
			name = Release;
		};
		FBD66D422D396CAB006EB725 /* Debug */ = {
			isa = XCBuildConfiguration;
			buildSettings = {
				ASSETCATALOG_COMPILER_APPICON_NAME = AppIcon;
				ASSETCATALOG_COMPILER_GLOBAL_ACCENT_COLOR_NAME = AccentColor;
				CODE_SIGN_ENTITLEMENTS = lobo1/lobo1.entitlements;
				CODE_SIGN_STYLE = Automatic;
				CURRENT_PROJECT_VERSION = 1;
				DEVELOPMENT_ASSET_PATHS = "\"lobo1/Preview Content\"";
				ENABLE_PREVIEWS = YES;
				GENERATE_INFOPLIST_FILE = YES;
				"INFOPLIST_KEY_UIApplicationSceneManifest_Generation[sdk=iphoneos*]" = YES;
				"INFOPLIST_KEY_UIApplicationSceneManifest_Generation[sdk=iphonesimulator*]" = YES;
				"INFOPLIST_KEY_UIApplicationSupportsIndirectInputEvents[sdk=iphoneos*]" = YES;
				"INFOPLIST_KEY_UIApplicationSupportsIndirectInputEvents[sdk=iphonesimulator*]" = YES;
				"INFOPLIST_KEY_UILaunchScreen_Generation[sdk=iphoneos*]" = YES;
				"INFOPLIST_KEY_UILaunchScreen_Generation[sdk=iphonesimulator*]" = YES;
				"INFOPLIST_KEY_UIStatusBarStyle[sdk=iphoneos*]" = UIStatusBarStyleDefault;
				"INFOPLIST_KEY_UIStatusBarStyle[sdk=iphonesimulator*]" = UIStatusBarStyleDefault;
				INFOPLIST_KEY_UISupportedInterfaceOrientations_iPad = "UIInterfaceOrientationPortrait UIInterfaceOrientationPortraitUpsideDown UIInterfaceOrientationLandscapeLeft UIInterfaceOrientationLandscapeRight";
				INFOPLIST_KEY_UISupportedInterfaceOrientations_iPhone = "UIInterfaceOrientationPortrait UIInterfaceOrientationLandscapeLeft UIInterfaceOrientationLandscapeRight";
				IPHONEOS_DEPLOYMENT_TARGET = 17.0;
				LD_RUNPATH_SEARCH_PATHS = "@executable_path/Frameworks";
				"LD_RUNPATH_SEARCH_PATHS[sdk=macosx*]" = "@executable_path/../Frameworks";
				MACOSX_DEPLOYMENT_TARGET = 14.0;
				MARKETING_VERSION = 1.0;
				PRODUCT_BUNDLE_IDENTIFIER = afaf.lobo1;
				PRODUCT_NAME = "$(TARGET_NAME)";
				SDKROOT = auto;
				SUPPORTED_PLATFORMS = "iphoneos iphonesimulator macosx";
				SWIFT_EMIT_LOC_STRINGS = YES;
				SWIFT_VERSION = 5.0;
				TARGETED_DEVICE_FAMILY = "1,2";
			};
			name = Debug;
		};
		FBD66D432D396CAB006EB725 /* Release */ = {
			isa = XCBuildConfiguration;
			buildSettings = {
				ASSETCATALOG_COMPILER_APPICON_NAME = AppIcon;
				ASSETCATALOG_COMPILER_GLOBAL_ACCENT_COLOR_NAME = AccentColor;
				CODE_SIGN_ENTITLEMENTS = lobo1/lobo1.entitlements;
				CODE_SIGN_STYLE = Automatic;
				CURRENT_PROJECT_VERSION = 1;
				DEVELOPMENT_ASSET_PATHS = "\"lobo1/Preview Content\"";
				ENABLE_PREVIEWS = YES;
				GENERATE_INFOPLIST_FILE = YES;
				"INFOPLIST_KEY_UIApplicationSceneManifest_Generation[sdk=iphoneos*]" = YES;
				"INFOPLIST_KEY_UIApplicationSceneManifest_Generation[sdk=iphonesimulator*]" = YES;
				"INFOPLIST_KEY_UIApplicationSupportsIndirectInputEvents[sdk=iphoneos*]" = YES;
				"INFOPLIST_KEY_UIApplicationSupportsIndirectInputEvents[sdk=iphonesimulator*]" = YES;
				"INFOPLIST_KEY_UILaunchScreen_Generation[sdk=iphoneos*]" = YES;
				"INFOPLIST_KEY_UILaunchScreen_Generation[sdk=iphonesimulator*]" = YES;
				"INFOPLIST_KEY_UIStatusBarStyle[sdk=iphoneos*]" = UIStatusBarStyleDefault;
				"INFOPLIST_KEY_UIStatusBarStyle[sdk=iphonesimulator*]" = UIStatusBarStyleDefault;
				INFOPLIST_KEY_UISupportedInterfaceOrientations_iPad = "UIInterfaceOrientationPortrait UIInterfaceOrientationPortraitUpsideDown UIInterfaceOrientationLandscapeLeft UIInterfaceOrientationLandscapeRight";
				INFOPLIST_KEY_UISupportedInterfaceOrientations_iPhone = "UIInterfaceOrientationPortrait UIInterfaceOrientationLandscapeLeft UIInterfaceOrientationLandscapeRight";
				IPHONEOS_DEPLOYMENT_TARGET = 17.0;
				LD_RUNPATH_SEARCH_PATHS = "@executable_path/Frameworks";
				"LD_RUNPATH_SEARCH_PATHS[sdk=macosx*]" = "@executable_path/../Frameworks";
				MACOSX_DEPLOYMENT_TARGET = 14.0;
				MARKETING_VERSION = 1.0;
				PRODUCT_BUNDLE_IDENTIFIER = afaf.lobo1;
				PRODUCT_NAME = "$(TARGET_NAME)";
				SDKROOT = auto;
				SUPPORTED_PLATFORMS = "iphoneos iphonesimulator macosx";
				SWIFT_EMIT_LOC_STRINGS = YES;
				SWIFT_VERSION = 5.0;
				TARGETED_DEVICE_FAMILY = "1,2";
			};
			name = Release;
		};
		FBD66D452D396CAB006EB725 /* Debug */ = {
			isa = XCBuildConfiguration;
			buildSettings = {
				ALWAYS_EMBED_SWIFT_STANDARD_LIBRARIES = YES;
				BUNDLE_LOADER = "$(TEST_HOST)";
				CODE_SIGN_STYLE = Automatic;
				CURRENT_PROJECT_VERSION = 1;
				GENERATE_INFOPLIST_FILE = YES;
				IPHONEOS_DEPLOYMENT_TARGET = 17.0;
				MACOSX_DEPLOYMENT_TARGET = 14.0;
				MARKETING_VERSION = 1.0;
				PRODUCT_BUNDLE_IDENTIFIER = afaf.lobo1Tests;
				PRODUCT_NAME = "$(TARGET_NAME)";
				SDKROOT = auto;
				SUPPORTED_PLATFORMS = "iphoneos iphonesimulator macosx";
				SWIFT_EMIT_LOC_STRINGS = NO;
				SWIFT_VERSION = 5.0;
				TARGETED_DEVICE_FAMILY = "1,2";
				TEST_HOST = "$(BUILT_PRODUCTS_DIR)/lobo1.app/$(BUNDLE_EXECUTABLE_FOLDER_PATH)/lobo1";
			};
			name = Debug;
		};
		FBD66D462D396CAB006EB725 /* Release */ = {
			isa = XCBuildConfiguration;
			buildSettings = {
				ALWAYS_EMBED_SWIFT_STANDARD_LIBRARIES = YES;
				BUNDLE_LOADER = "$(TEST_HOST)";
				CODE_SIGN_STYLE = Automatic;
				CURRENT_PROJECT_VERSION = 1;
				GENERATE_INFOPLIST_FILE = YES;
				IPHONEOS_DEPLOYMENT_TARGET = 17.0;
				MACOSX_DEPLOYMENT_TARGET = 14.0;
				MARKETING_VERSION = 1.0;
				PRODUCT_BUNDLE_IDENTIFIER = afaf.lobo1Tests;
				PRODUCT_NAME = "$(TARGET_NAME)";
				SDKROOT = auto;
				SUPPORTED_PLATFORMS = "iphoneos iphonesimulator macosx";
				SWIFT_EMIT_LOC_STRINGS = NO;
				SWIFT_VERSION = 5.0;
				TARGETED_DEVICE_FAMILY = "1,2";
				TEST_HOST = "$(BUILT_PRODUCTS_DIR)/lobo1.app/$(BUNDLE_EXECUTABLE_FOLDER_PATH)/lobo1";
			};
			name = Release;
		};
		FBD66D482D396CAB006EB725 /* Debug */ = {
			isa = XCBuildConfiguration;
			buildSettings = {
				ALWAYS_EMBED_SWIFT_STANDARD_LIBRARIES = YES;
				CODE_SIGN_STYLE = Automatic;
				CURRENT_PROJECT_VERSION = 1;
				GENERATE_INFOPLIST_FILE = YES;
				IPHONEOS_DEPLOYMENT_TARGET = 17.0;
				MACOSX_DEPLOYMENT_TARGET = 14.0;
				MARKETING_VERSION = 1.0;
				PRODUCT_BUNDLE_IDENTIFIER = afaf.lobo1UITests;
				PRODUCT_NAME = "$(TARGET_NAME)";
				SDKROOT = auto;
				SUPPORTED_PLATFORMS = "iphoneos iphonesimulator macosx";
				SWIFT_EMIT_LOC_STRINGS = NO;
				SWIFT_VERSION = 5.0;
				TARGETED_DEVICE_FAMILY = "1,2";
				TEST_TARGET_NAME = lobo1;
			};
			name = Debug;
		};
		FBD66D492D396CAB006EB725 /* Release */ = {
			isa = XCBuildConfiguration;
			buildSettings = {
				ALWAYS_EMBED_SWIFT_STANDARD_LIBRARIES = YES;
				CODE_SIGN_STYLE = Automatic;
				CURRENT_PROJECT_VERSION = 1;
				GENERATE_INFOPLIST_FILE = YES;
				IPHONEOS_DEPLOYMENT_TARGET = 17.0;
				MACOSX_DEPLOYMENT_TARGET = 14.0;
				MARKETING_VERSION = 1.0;
				PRODUCT_BUNDLE_IDENTIFIER = afaf.lobo1UITests;
				PRODUCT_NAME = "$(TARGET_NAME)";
				SDKROOT = auto;
				SUPPORTED_PLATFORMS = "iphoneos iphonesimulator macosx";
				SWIFT_EMIT_LOC_STRINGS = NO;
				SWIFT_VERSION = 5.0;
				TARGETED_DEVICE_FAMILY = "1,2";
				TEST_TARGET_NAME = lobo1;
			};
			name = Release;
		};
/* End XCBuildConfiguration section */

/* Begin XCConfigurationList section */
		FBD66D172D396CAA006EB725 /* Build configuration list for PBXProject "lobo1" */ = {
			isa = XCConfigurationList;
			buildConfigurations = (
				FBD66D3F2D396CAB006EB725 /* Debug */,
				FBD66D402D396CAB006EB725 /* Release */,
			);
			defaultConfigurationIsVisible = 0;
			defaultConfigurationName = Release;
		};
		FBD66D412D396CAB006EB725 /* Build configuration list for PBXNativeTarget "lobo1" */ = {
			isa = XCConfigurationList;
			buildConfigurations = (
				FBD66D422D396CAB006EB725 /* Debug */,
				FBD66D432D396CAB006EB725 /* Release */,
			);
			defaultConfigurationIsVisible = 0;
			defaultConfigurationName = Release;
		};
		FBD66D442D396CAB006EB725 /* Build configuration list for PBXNativeTarget "lobo1Tests" */ = {
			isa = XCConfigurationList;
			buildConfigurations = (
				FBD66D452D396CAB006EB725 /* Debug */,
				FBD66D462D396CAB006EB725 /* Release */,
			);
			defaultConfigurationIsVisible = 0;
			defaultConfigurationName = Release;
		};
		FBD66D472D396CAB006EB725 /* Build configuration list for PBXNativeTarget "lobo1UITests" */ = {
			isa = XCConfigurationList;
			buildConfigurations = (
				FBD66D482D396CAB006EB725 /* Debug */,
				FBD66D492D396CAB006EB725 /* Release */,
			);
			defaultConfigurationIsVisible = 0;
			defaultConfigurationName = Release;
		};
/* End XCConfigurationList section */
	};
	rootObject = FBD66D142D396CAA006EB725 /* Project object */;
}
